
Microsoft Visual Studio Solution File, Format Version 12.00
# Visual Studio Version 16
VisualStudioVersion = 16.0.29613.14
MinimumVisualStudioVersion = 10.0.40219.1
Project("{FAE04EC0-301F-11D3-BF4B-00C04F79EFBC}") = "DemoOnExceptions", "DemoOnExceptions.csproj", "{37992C4B-56D2-4AD4-9B41-AB0C688BCD02}"
EndProject
Global
	GlobalSection(SolutionConfigurationPlatforms) = preSolution
		Debug|Any CPU = Debug|Any CPU
		Release|Any CPU = Release|Any CPU
	EndGlobalSection
	GlobalSection(ProjectConfigurationPlatforms) = postSolution
		{37992C4B-56D2-4AD4-9B41-AB0C688BCD02}.Debug|Any CPU.ActiveCfg = Debug|Any CPU
		{37992C4B-56D2-4AD4-9B41-AB0C688BCD02}.Debug|Any CPU.Build.0 = Debug|Any CPU
		{37992C4B-56D2-4AD4-9B41-AB0C688BCD02}.Release|Any CPU.ActiveCfg = Release|Any CPU
		{37992C4B-56D2-4AD4-9B41-AB0C688BCD02}.Release|Any CPU.Build.0 = Release|Any CPU
	EndGlobalSection
	GlobalSection(SolutionProperties) = preSolution
		HideSolutionNode = FALSE
	EndGlobalSection
	GlobalSection(ExtensibilityGlobals) = postSolution
		SolutionGuid = {C2A15975-7CD7-477D-A2A9-2328A7FEC716}
	EndGlobalSection
EndGlobal
