
Microsoft Visual Studio Solution File, Format Version 12.00
# Visual Studio Version 16
VisualStudioVersion = 16.0.29613.14
MinimumVisualStudioVersion = 10.0.40219.1
Project("{FAE04EC0-301F-11D3-BF4B-00C04F79EFBC}") = "HandsOnArray2", "HandsOnArray2.csproj", "{C141D659-51D7-4D4A-AA59-03568CC6114B}"
EndProject
Global
	GlobalSection(SolutionConfigurationPlatforms) = preSolution
		Debug|Any CPU = Debug|Any CPU
		Release|Any CPU = Release|Any CPU
	EndGlobalSection
	GlobalSection(ProjectConfigurationPlatforms) = postSolution
		{C141D659-51D7-4D4A-AA59-03568CC6114B}.Debug|Any CPU.ActiveCfg = Debug|Any CPU
		{C141D659-51D7-4D4A-AA59-03568CC6114B}.Debug|Any CPU.Build.0 = Debug|Any CPU
		{C141D659-51D7-4D4A-AA59-03568CC6114B}.Release|Any CPU.ActiveCfg = Release|Any CPU
		{C141D659-51D7-4D4A-AA59-03568CC6114B}.Release|Any CPU.Build.0 = Release|Any CPU
	EndGlobalSection
	GlobalSection(SolutionProperties) = preSolution
		HideSolutionNode = FALSE
	EndGlobalSection
	GlobalSection(ExtensibilityGlobals) = postSolution
		SolutionGuid = {17247B2B-3A83-4521-8FA4-022D4C2D8651}
	EndGlobalSection
EndGlobal
