
Microsoft Visual Studio Solution File, Format Version 12.00
# Visual Studio Version 16
VisualStudioVersion = 16.0.29613.14
MinimumVisualStudioVersion = 10.0.40219.1
Project("{FAE04EC0-301F-11D3-BF4B-00C04F79EFBC}") = "DemoOnParam", "DemoOnParam.csproj", "{AC2771A0-C716-403B-A1BE-A372C8593476}"
EndProject
Global
	GlobalSection(SolutionConfigurationPlatforms) = preSolution
		Debug|Any CPU = Debug|Any CPU
		Release|Any CPU = Release|Any CPU
	EndGlobalSection
	GlobalSection(ProjectConfigurationPlatforms) = postSolution
		{AC2771A0-C716-403B-A1BE-A372C8593476}.Debug|Any CPU.ActiveCfg = Debug|Any CPU
		{AC2771A0-C716-403B-A1BE-A372C8593476}.Debug|Any CPU.Build.0 = Debug|Any CPU
		{AC2771A0-C716-403B-A1BE-A372C8593476}.Release|Any CPU.ActiveCfg = Release|Any CPU
		{AC2771A0-C716-403B-A1BE-A372C8593476}.Release|Any CPU.Build.0 = Release|Any CPU
	EndGlobalSection
	GlobalSection(SolutionProperties) = preSolution
		HideSolutionNode = FALSE
	EndGlobalSection
	GlobalSection(ExtensibilityGlobals) = postSolution
		SolutionGuid = {FE8C6F43-B63B-45ED-8B1A-B6592372D059}
	EndGlobalSection
EndGlobal
