
Microsoft Visual Studio Solution File, Format Version 12.00
# Visual Studio Version 16
VisualStudioVersion = 16.0.29613.14
MinimumVisualStudioVersion = 10.0.40219.1
Project("{FAE04EC0-301F-11D3-BF4B-00C04F79EFBC}") = "ConsoleApp1", "ConsoleApp1.csproj", "{7E9541D4-5D92-4D19-B29C-86F44C55DC01}"
EndProject
Global
	GlobalSection(SolutionConfigurationPlatforms) = preSolution
		Debug|Any CPU = Debug|Any CPU
		Release|Any CPU = Release|Any CPU
	EndGlobalSection
	GlobalSection(ProjectConfigurationPlatforms) = postSolution
		{7E9541D4-5D92-4D19-B29C-86F44C55DC01}.Debug|Any CPU.ActiveCfg = Debug|Any CPU
		{7E9541D4-5D92-4D19-B29C-86F44C55DC01}.Debug|Any CPU.Build.0 = Debug|Any CPU
		{7E9541D4-5D92-4D19-B29C-86F44C55DC01}.Release|Any CPU.ActiveCfg = Release|Any CPU
		{7E9541D4-5D92-4D19-B29C-86F44C55DC01}.Release|Any CPU.Build.0 = Release|Any CPU
	EndGlobalSection
	GlobalSection(SolutionProperties) = preSolution
		HideSolutionNode = FALSE
	EndGlobalSection
	GlobalSection(ExtensibilityGlobals) = postSolution
		SolutionGuid = {5D58DDCF-5498-4B8A-8E24-A0219CDE0925}
	EndGlobalSection
EndGlobal
