
Microsoft Visual Studio Solution File, Format Version 12.00
# Visual Studio Version 16
VisualStudioVersion = 16.0.29613.14
MinimumVisualStudioVersion = 10.0.40219.1
Project("{FAE04EC0-301F-11D3-BF4B-00C04F79EFBC}") = "DemoOnSingleton", "DemoOnSingleton.csproj", "{9928FC3F-BFE7-4B8A-929A-D9611D6C20AB}"
EndProject
Global
	GlobalSection(SolutionConfigurationPlatforms) = preSolution
		Debug|Any CPU = Debug|Any CPU
		Release|Any CPU = Release|Any CPU
	EndGlobalSection
	GlobalSection(ProjectConfigurationPlatforms) = postSolution
		{9928FC3F-BFE7-4B8A-929A-D9611D6C20AB}.Debug|Any CPU.ActiveCfg = Debug|Any CPU
		{9928FC3F-BFE7-4B8A-929A-D9611D6C20AB}.Debug|Any CPU.Build.0 = Debug|Any CPU
		{9928FC3F-BFE7-4B8A-929A-D9611D6C20AB}.Release|Any CPU.ActiveCfg = Release|Any CPU
		{9928FC3F-BFE7-4B8A-929A-D9611D6C20AB}.Release|Any CPU.Build.0 = Release|Any CPU
	EndGlobalSection
	GlobalSection(SolutionProperties) = preSolution
		HideSolutionNode = FALSE
	EndGlobalSection
	GlobalSection(ExtensibilityGlobals) = postSolution
		SolutionGuid = {02AEB25E-E2D1-4621-9AEA-EF7DF7CB16FD}
	EndGlobalSection
EndGlobal
