
Microsoft Visual Studio Solution File, Format Version 12.00
# Visual Studio Version 16
VisualStudioVersion = 16.0.29613.14
MinimumVisualStudioVersion = 10.0.40219.1
Project("{FAE04EC0-301F-11D3-BF4B-00C04F79EFBC}") = "HandsOn4", "HandsOn4.csproj", "{B69E45C7-21B2-49AF-837E-4F34A1D6FF5F}"
EndProject
Global
	GlobalSection(SolutionConfigurationPlatforms) = preSolution
		Debug|Any CPU = Debug|Any CPU
		Release|Any CPU = Release|Any CPU
	EndGlobalSection
	GlobalSection(ProjectConfigurationPlatforms) = postSolution
		{B69E45C7-21B2-49AF-837E-4F34A1D6FF5F}.Debug|Any CPU.ActiveCfg = Debug|Any CPU
		{B69E45C7-21B2-49AF-837E-4F34A1D6FF5F}.Debug|Any CPU.Build.0 = Debug|Any CPU
		{B69E45C7-21B2-49AF-837E-4F34A1D6FF5F}.Release|Any CPU.ActiveCfg = Release|Any CPU
		{B69E45C7-21B2-49AF-837E-4F34A1D6FF5F}.Release|Any CPU.Build.0 = Release|Any CPU
	EndGlobalSection
	GlobalSection(SolutionProperties) = preSolution
		HideSolutionNode = FALSE
	EndGlobalSection
	GlobalSection(ExtensibilityGlobals) = postSolution
		SolutionGuid = {F4759C02-F9EA-477E-BF33-922C167A5EB1}
	EndGlobalSection
EndGlobal
