
Microsoft Visual Studio Solution File, Format Version 12.00
# Visual Studio Version 16
VisualStudioVersion = 16.0.29613.14
MinimumVisualStudioVersion = 10.0.40219.1
Project("{FAE04EC0-301F-11D3-BF4B-00C04F79EFBC}") = "DemoOnMultilevel", "DemoOnMultilevel.csproj", "{9BC0ED37-1A58-43CA-BF6C-3A401F8B552D}"
EndProject
Global
	GlobalSection(SolutionConfigurationPlatforms) = preSolution
		Debug|Any CPU = Debug|Any CPU
		Release|Any CPU = Release|Any CPU
	EndGlobalSection
	GlobalSection(ProjectConfigurationPlatforms) = postSolution
		{9BC0ED37-1A58-43CA-BF6C-3A401F8B552D}.Debug|Any CPU.ActiveCfg = Debug|Any CPU
		{9BC0ED37-1A58-43CA-BF6C-3A401F8B552D}.Debug|Any CPU.Build.0 = Debug|Any CPU
		{9BC0ED37-1A58-43CA-BF6C-3A401F8B552D}.Release|Any CPU.ActiveCfg = Release|Any CPU
		{9BC0ED37-1A58-43CA-BF6C-3A401F8B552D}.Release|Any CPU.Build.0 = Release|Any CPU
	EndGlobalSection
	GlobalSection(SolutionProperties) = preSolution
		HideSolutionNode = FALSE
	EndGlobalSection
	GlobalSection(ExtensibilityGlobals) = postSolution
		SolutionGuid = {7CEFCD28-1217-4A3F-AF4C-337E60B6B177}
	EndGlobalSection
EndGlobal
