
Microsoft Visual Studio Solution File, Format Version 12.00
# Visual Studio Version 16
VisualStudioVersion = 16.0.29613.14
MinimumVisualStudioVersion = 10.0.40219.1
Project("{FAE04EC0-301F-11D3-BF4B-00C04F79EFBC}") = "Assignment2", "Assignment2.csproj", "{231C38B2-2992-4260-B59A-C6DCA141873A}"
EndProject
Global
	GlobalSection(SolutionConfigurationPlatforms) = preSolution
		Debug|Any CPU = Debug|Any CPU
		Release|Any CPU = Release|Any CPU
	EndGlobalSection
	GlobalSection(ProjectConfigurationPlatforms) = postSolution
		{231C38B2-2992-4260-B59A-C6DCA141873A}.Debug|Any CPU.ActiveCfg = Debug|Any CPU
		{231C38B2-2992-4260-B59A-C6DCA141873A}.Debug|Any CPU.Build.0 = Debug|Any CPU
		{231C38B2-2992-4260-B59A-C6DCA141873A}.Release|Any CPU.ActiveCfg = Release|Any CPU
		{231C38B2-2992-4260-B59A-C6DCA141873A}.Release|Any CPU.Build.0 = Release|Any CPU
	EndGlobalSection
	GlobalSection(SolutionProperties) = preSolution
		HideSolutionNode = FALSE
	EndGlobalSection
	GlobalSection(ExtensibilityGlobals) = postSolution
		SolutionGuid = {48BB1820-809E-4323-9237-46BC6D206D72}
	EndGlobalSection
EndGlobal
