
Microsoft Visual Studio Solution File, Format Version 12.00
# Visual Studio Version 16
VisualStudioVersion = 16.0.29613.14
MinimumVisualStudioVersion = 10.0.40219.1
Project("{FAE04EC0-301F-11D3-BF4B-00C04F79EFBC}") = "DemoOnInterface", "DemoOnInterface.csproj", "{5DAD7F71-A8E6-42D7-86BE-9DCF395BE48D}"
EndProject
Global
	GlobalSection(SolutionConfigurationPlatforms) = preSolution
		Debug|Any CPU = Debug|Any CPU
		Release|Any CPU = Release|Any CPU
	EndGlobalSection
	GlobalSection(ProjectConfigurationPlatforms) = postSolution
		{5DAD7F71-A8E6-42D7-86BE-9DCF395BE48D}.Debug|Any CPU.ActiveCfg = Debug|Any CPU
		{5DAD7F71-A8E6-42D7-86BE-9DCF395BE48D}.Debug|Any CPU.Build.0 = Debug|Any CPU
		{5DAD7F71-A8E6-42D7-86BE-9DCF395BE48D}.Release|Any CPU.ActiveCfg = Release|Any CPU
		{5DAD7F71-A8E6-42D7-86BE-9DCF395BE48D}.Release|Any CPU.Build.0 = Release|Any CPU
	EndGlobalSection
	GlobalSection(SolutionProperties) = preSolution
		HideSolutionNode = FALSE
	EndGlobalSection
	GlobalSection(ExtensibilityGlobals) = postSolution
		SolutionGuid = {1B5FB6A9-62B6-439D-9C02-0EE6C5B5DE2F}
	EndGlobalSection
EndGlobal
