
Microsoft Visual Studio Solution File, Format Version 12.00
# Visual Studio Version 16
VisualStudioVersion = 16.0.29613.14
MinimumVisualStudioVersion = 10.0.40219.1
Project("{FAE04EC0-301F-11D3-BF4B-00C04F79EFBC}") = "DemoOnFactory", "DemoOnFactory.csproj", "{6B3120B3-1EE8-4404-AF40-655F3FA35860}"
EndProject
Global
	GlobalSection(SolutionConfigurationPlatforms) = preSolution
		Debug|Any CPU = Debug|Any CPU
		Release|Any CPU = Release|Any CPU
	EndGlobalSection
	GlobalSection(ProjectConfigurationPlatforms) = postSolution
		{6B3120B3-1EE8-4404-AF40-655F3FA35860}.Debug|Any CPU.ActiveCfg = Debug|Any CPU
		{6B3120B3-1EE8-4404-AF40-655F3FA35860}.Debug|Any CPU.Build.0 = Debug|Any CPU
		{6B3120B3-1EE8-4404-AF40-655F3FA35860}.Release|Any CPU.ActiveCfg = Release|Any CPU
		{6B3120B3-1EE8-4404-AF40-655F3FA35860}.Release|Any CPU.Build.0 = Release|Any CPU
	EndGlobalSection
	GlobalSection(SolutionProperties) = preSolution
		HideSolutionNode = FALSE
	EndGlobalSection
	GlobalSection(ExtensibilityGlobals) = postSolution
		SolutionGuid = {1B8866FB-95CB-44AB-8498-23D2989180ED}
	EndGlobalSection
EndGlobal
