
Microsoft Visual Studio Solution File, Format Version 12.00
# Visual Studio Version 16
VisualStudioVersion = 16.0.29613.14
MinimumVisualStudioVersion = 10.0.40219.1
Project("{FAE04EC0-301F-11D3-BF4B-00C04F79EFBC}") = "Assignment", "Assignment.csproj", "{CA6BEB40-4EBA-4F0C-9432-B3CDF4ACDF9A}"
EndProject
Global
	GlobalSection(SolutionConfigurationPlatforms) = preSolution
		Debug|Any CPU = Debug|Any CPU
		Release|Any CPU = Release|Any CPU
	EndGlobalSection
	GlobalSection(ProjectConfigurationPlatforms) = postSolution
		{CA6BEB40-4EBA-4F0C-9432-B3CDF4ACDF9A}.Debug|Any CPU.ActiveCfg = Debug|Any CPU
		{CA6BEB40-4EBA-4F0C-9432-B3CDF4ACDF9A}.Debug|Any CPU.Build.0 = Debug|Any CPU
		{CA6BEB40-4EBA-4F0C-9432-B3CDF4ACDF9A}.Release|Any CPU.ActiveCfg = Release|Any CPU
		{CA6BEB40-4EBA-4F0C-9432-B3CDF4ACDF9A}.Release|Any CPU.Build.0 = Release|Any CPU
	EndGlobalSection
	GlobalSection(SolutionProperties) = preSolution
		HideSolutionNode = FALSE
	EndGlobalSection
	GlobalSection(ExtensibilityGlobals) = postSolution
		SolutionGuid = {97D528AF-6C98-4117-A9B6-B1C5F72D0E3A}
	EndGlobalSection
EndGlobal
